
Microsoft Visual Studio Solution File, Format Version 12.00
# Visual Studio Version 17
VisualStudioVersion = 17.12.35527.113 d17.12
MinimumVisualStudioVersion = 10.0.40219.1
Project("{FAE04EC0-301F-11D3-BF4B-00C04F79EFBC}") = "Assignment-4-question2", "Assignment-4-question2\Assignment-4-question2.csproj", "{450033B4-3B54-4FCE-AC24-4C886AC2A3E4}"
EndProject
Global
	GlobalSection(SolutionConfigurationPlatforms) = preSolution
		Debug|Any CPU = Debug|Any CPU
		Release|Any CPU = Release|Any CPU
	EndGlobalSection
	GlobalSection(ProjectConfigurationPlatforms) = postSolution
		{450033B4-3B54-4FCE-AC24-4C886AC2A3E4}.Debug|Any CPU.ActiveCfg = Debug|Any CPU
		{450033B4-3B54-4FCE-AC24-4C886AC2A3E4}.Debug|Any CPU.Build.0 = Debug|Any CPU
		{450033B4-3B54-4FCE-AC24-4C886AC2A3E4}.Release|Any CPU.ActiveCfg = Release|Any CPU
		{450033B4-3B54-4FCE-AC24-4C886AC2A3E4}.Release|Any CPU.Build.0 = Release|Any CPU
	EndGlobalSection
	GlobalSection(SolutionProperties) = preSolution
		HideSolutionNode = FALSE
	EndGlobalSection
EndGlobal
