
Microsoft Visual Studio Solution File, Format Version 12.00
# Visual Studio Version 17
VisualStudioVersion = 17.12.35527.113 d17.12
MinimumVisualStudioVersion = 10.0.40219.1
Project("{FAE04EC0-301F-11D3-BF4B-00C04F79EFBC}") = "FrameWorkWebApplicationMVC", "FrameWorkWebApplicationMVC\FrameWorkWebApplicationMVC.csproj", "{C05803E8-5093-4514-B3B8-C4A2ED3FE167}"
EndProject
Global
	GlobalSection(SolutionConfigurationPlatforms) = preSolution
		Debug|Any CPU = Debug|Any CPU
		Release|Any CPU = Release|Any CPU
	EndGlobalSection
	GlobalSection(ProjectConfigurationPlatforms) = postSolution
		{C05803E8-5093-4514-B3B8-C4A2ED3FE167}.Debug|Any CPU.ActiveCfg = Debug|Any CPU
		{C05803E8-5093-4514-B3B8-C4A2ED3FE167}.Debug|Any CPU.Build.0 = Debug|Any CPU
		{C05803E8-5093-4514-B3B8-C4A2ED3FE167}.Release|Any CPU.ActiveCfg = Release|Any CPU
		{C05803E8-5093-4514-B3B8-C4A2ED3FE167}.Release|Any CPU.Build.0 = Release|Any CPU
	EndGlobalSection
	GlobalSection(SolutionProperties) = preSolution
		HideSolutionNode = FALSE
	EndGlobalSection
EndGlobal
