
Microsoft Visual Studio Solution File, Format Version 12.00
# Visual Studio Version 17
VisualStudioVersion = 17.12.35527.113 d17.12
MinimumVisualStudioVersion = 10.0.40219.1
Project("{FAE04EC0-301F-11D3-BF4B-00C04F79EFBC}") = "InsurancePolicyManagementDBA", "InsurancePolicyManagementDBA\InsurancePolicyManagementDBA.csproj", "{A96CA91D-A927-4C45-B271-867267D06FFD}"
EndProject
Global
	GlobalSection(SolutionConfigurationPlatforms) = preSolution
		Debug|Any CPU = Debug|Any CPU
		Release|Any CPU = Release|Any CPU
	EndGlobalSection
	GlobalSection(ProjectConfigurationPlatforms) = postSolution
		{A96CA91D-A927-4C45-B271-867267D06FFD}.Debug|Any CPU.ActiveCfg = Debug|Any CPU
		{A96CA91D-A927-4C45-B271-867267D06FFD}.Debug|Any CPU.Build.0 = Debug|Any CPU
		{A96CA91D-A927-4C45-B271-867267D06FFD}.Release|Any CPU.ActiveCfg = Release|Any CPU
		{A96CA91D-A927-4C45-B271-867267D06FFD}.Release|Any CPU.Build.0 = Release|Any CPU
	EndGlobalSection
	GlobalSection(SolutionProperties) = preSolution
		HideSolutionNode = FALSE
	EndGlobalSection
EndGlobal
